
Microsoft Visual Studio Solution File, Format Version 12.00
# Visual Studio Version 17
VisualStudioVersion = 17.3.32929.385
MinimumVisualStudioVersion = 10.0.40219.1
Project("{FAE04EC0-301F-11D3-BF4B-00C04F79EFBC}") = "CoreWebAPI", "CoreWebAPI\CoreWebAPI.csproj", "{940465A7-9E28-4CF7-AF33-865D3821B188}"
EndProject
Global
	GlobalSection(SolutionConfigurationPlatforms) = preSolution
		Debug|Any CPU = Debug|Any CPU
		Release|Any CPU = Release|Any CPU
	EndGlobalSection
	GlobalSection(ProjectConfigurationPlatforms) = postSolution
		{940465A7-9E28-4CF7-AF33-865D3821B188}.Debug|Any CPU.ActiveCfg = Debug|Any CPU
		{940465A7-9E28-4CF7-AF33-865D3821B188}.Debug|Any CPU.Build.0 = Debug|Any CPU
		{940465A7-9E28-4CF7-AF33-865D3821B188}.Release|Any CPU.ActiveCfg = Release|Any CPU
		{940465A7-9E28-4CF7-AF33-865D3821B188}.Release|Any CPU.Build.0 = Release|Any CPU
	EndGlobalSection
	GlobalSection(SolutionProperties) = preSolution
		HideSolutionNode = FALSE
	EndGlobalSection
	GlobalSection(ExtensibilityGlobals) = postSolution
		SolutionGuid = {70E0171A-36B3-4E43-A478-B9B5BCB889B5}
	EndGlobalSection
EndGlobal
